<?xml version="1.0" encoding="utf-8"?>
<Project ToolsVersion="4.0" xmlns="http://schemas.microsoft.com/developer/msbuild/2003">
  <ItemGroup>
    <Filter Include="Source Files">
      <UniqueIdentifier>{4FC737F1-C7A5-4376-A066-2A32D752A2FF}</UniqueIdentifier>
      <Extensions>cpp;c;cc;cxx;def;odl;idl;hpj;bat;asm;asmx</Extensions>
    </Filter>
    <Filter Include="Header Files">
      <UniqueIdentifier>{93995380-89BD-4b04-88EB-625FBE52EBFB}</UniqueIdentifier>
      <Extensions>h;hh;hpp;hxx;hm;inl;inc;xsd</Extensions>
    </Filter>
    <Filter Include="Resource Files">
      <UniqueIdentifier>{67DA6AB6-F800-4c08-8B7A-83BB121AAD01}</UniqueIdentifier>
      <Extensions>rc;ico;cur;bmp;dlg;rc2;rct;bin;rgs;gif;jpg;jpeg;jpe;resx;tiff;tif;png;wav;mfcribbon-ms</Extensions>
    </Filter>
    <Filter Include="Header Files\EventHandler">
      <UniqueIdentifier>{00e22ff8-8e7e-4007-8d00-d929522a70f4}</UniqueIdentifier>
    </Filter>
    <Filter Include="Header Files\Server">
      <UniqueIdentifier>{4d676eee-5335-4161-bd65-a0f3ffa9f7f0}</UniqueIdentifier>
    </Filter>
    <Filter Include="Header Files\Client">
      <UniqueIdentifier>{da235a76-7ede-4069-9470-64fffd448808}</UniqueIdentifier>
    </Filter>
    <Filter Include="Header Files\Concurrent Collection">
      <UniqueIdentifier>{151f752b-d34a-4fa4-b128-88418c481200}</UniqueIdentifier>
    </Filter>
    <Filter Include="Header Files\Client\Handlers">
      <UniqueIdentifier>{d0668107-fcc5-4de5-afa7-4a05c170e558}</UniqueIdentifier>
    </Filter>
    <Filter Include="Header Files\FolderObserver">
      <UniqueIdentifier>{ceaa2b05-7465-4468-9c8e-97128948ed88}</UniqueIdentifier>
    </Filter>
  </ItemGroup>
  <ItemGroup>
    <ClInclude Include="stdadfx.h">
      <Filter>Header Files</Filter>
    </ClInclude>
    <ClInclude Include="Event.h">
      <Filter>Header Files\EventHandler</Filter>
    </ClInclude>
    <ClInclude Include="EventHandler.h">
      <Filter>Header Files\EventHandler</Filter>
    </ClInclude>
    <ClInclude Include="ClientManager.h">
      <Filter>Header Files\Client</Filter>
    </ClInclude>
    <ClInclude Include="Socket.h">
      <Filter>Header Files\Client</Filter>
    </ClInclude>
    <ClInclude Include="ServerSocket.h">
      <Filter>Header Files\Server</Filter>
    </ClInclude>
    <ClInclude Include="ServerManager.h">
      <Filter>Header Files\Server</Filter>
    </ClInclude>
    <ClInclude Include="ConcurrentQueue.h">
      <Filter>Header Files\Concurrent Collection</Filter>
    </ClInclude>
    <ClInclude Include="SocketManagerFactory.h">
      <Filter>Header Files\Server</Filter>
    </ClInclude>
    <ClInclude Include="InputHandler.h">
      <Filter>Header Files\Client\Handlers</Filter>
    </ClInclude>
    <ClInclude Include="AudioServerHandler.h">
      <Filter>Header Files\Client\Handlers</Filter>
    </ClInclude>
    <ClInclude Include="ClosingServerHandler.h">
      <Filter>Header Files\Client\Handlers</Filter>
    </ClInclude>
    <ClInclude Include="AudioSocketManagerFactory.h">
      <Filter>Header Files\Server</Filter>
    </ClInclude>
    <ClInclude Include="WavFilePackager.h">
      <Filter>Header Files</Filter>
    </ClInclude>
    <ClInclude Include="FilePackager.h">
      <Filter>Header Files</Filter>
    </ClInclude>
  </ItemGroup>
  <ItemGroup>
    <ClCompile Include="main.cpp">
      <Filter>Source Files</Filter>
    </ClCompile>
    <ClCompile Include="Socket.cpp">
      <Filter>Source Files</Filter>
    </ClCompile>
    <ClCompile Include="ServerSocket.cpp">
      <Filter>Source Files</Filter>
    </ClCompile>
    <ClCompile Include="ServerManager.cpp">
      <Filter>Source Files</Filter>
    </ClCompile>
    <ClCompile Include="AudioServerHandler.cpp">
      <Filter>Source Files</Filter>
    </ClCompile>
    <ClCompile Include="EventHandler.cpp">
      <Filter>Source Files</Filter>
    </ClCompile>
    <ClCompile Include="ClosingServerHandler.cpp">
      <Filter>Source Files</Filter>
    </ClCompile>
    <ClCompile Include="ClientManager.cpp">
      <Filter>Source Files</Filter>
    </ClCompile>
  </ItemGroup>
</Project>